
Microsoft Visual Studio Solution File, Format Version 12.00
# Visual Studio Version 16
VisualStudioVersion = 16.0.33214.272
MinimumVisualStudioVersion = 10.0.40219.1
Project("{9A19103F-16F7-4668-BE54-9A1E7A4F7556}") = "Entity", "Entity\Entity.csproj", "{C984078A-C441-4DDC-85D5-D971FF498548}"
EndProject
Project("{9A19103F-16F7-4668-BE54-9A1E7A4F7556}") = "DataAccess", "DataAccess\DataAccess.csproj", "{8261AD50-7950-4BE5-B739-37462C61AE1F}"
EndProject
Project("{9A19103F-16F7-4668-BE54-9A1E7A4F7556}") = "Business", "Business\Business.csproj", "{1C9B66E7-396B-449A-B02A-8A9D0EEB082E}"
EndProject
Project("{9A19103F-16F7-4668-BE54-9A1E7A4F7556}") = "Console", "UI\Console.csproj", "{08527ACB-4CE1-4F93-9BDF-93A1BBA17B74}"
EndProject
Project("{9A19103F-16F7-4668-BE54-9A1E7A4F7556}") = "Core", "Core\Core.csproj", "{5709AED4-8251-4E82-8B59-CB5BC92A2168}"
EndProject
Project("{9A19103F-16F7-4668-BE54-9A1E7A4F7556}") = "WebAPI", "WebAPI\WebAPI.csproj", "{D1E720A2-3CE0-4A63-8EC8-AD388171EDC4}"
EndProject
Project("{2150E333-8FDC-42A3-9474-1A3956D46DE8}") = "Images", "Images", "{955B046C-D8B0-46E7-8C0D-962589374A6A}"
	ProjectSection(SolutionItems) = preProject
		..\..\..\Desktop\1aab7244-805e-49a9-b593-17ff832cf874.jpg = ..\..\..\Desktop\1aab7244-805e-49a9-b593-17ff832cf874.jpg
		..\..\..\Desktop\281b269c-4be1-4282-bdf1-732826210f87.jpg = ..\..\..\Desktop\281b269c-4be1-4282-bdf1-732826210f87.jpg
		..\..\..\Desktop\381a97f9-d7ac-44ff-b352-648be9432139.jpg = ..\..\..\Desktop\381a97f9-d7ac-44ff-b352-648be9432139.jpg
		..\..\..\Desktop\5443541b-eabc-4b83-b606-bce5d9b926d8.jpg = ..\..\..\Desktop\5443541b-eabc-4b83-b606-bce5d9b926d8.jpg
		..\..\..\Desktop\7a657c3b-1fdb-439d-8287-830bd2d674c5.jpg = ..\..\..\Desktop\7a657c3b-1fdb-439d-8287-830bd2d674c5.jpg
	EndProjectSection
EndProject
Global
	GlobalSection(SolutionConfigurationPlatforms) = preSolution
		Debug|Any CPU = Debug|Any CPU
		Release|Any CPU = Release|Any CPU
	EndGlobalSection
	GlobalSection(ProjectConfigurationPlatforms) = postSolution
		{C984078A-C441-4DDC-85D5-D971FF498548}.Debug|Any CPU.ActiveCfg = Debug|Any CPU
		{C984078A-C441-4DDC-85D5-D971FF498548}.Debug|Any CPU.Build.0 = Debug|Any CPU
		{C984078A-C441-4DDC-85D5-D971FF498548}.Release|Any CPU.ActiveCfg = Release|Any CPU
		{C984078A-C441-4DDC-85D5-D971FF498548}.Release|Any CPU.Build.0 = Release|Any CPU
		{8261AD50-7950-4BE5-B739-37462C61AE1F}.Debug|Any CPU.ActiveCfg = Debug|Any CPU
		{8261AD50-7950-4BE5-B739-37462C61AE1F}.Debug|Any CPU.Build.0 = Debug|Any CPU
		{8261AD50-7950-4BE5-B739-37462C61AE1F}.Release|Any CPU.ActiveCfg = Release|Any CPU
		{8261AD50-7950-4BE5-B739-37462C61AE1F}.Release|Any CPU.Build.0 = Release|Any CPU
		{1C9B66E7-396B-449A-B02A-8A9D0EEB082E}.Debug|Any CPU.ActiveCfg = Debug|Any CPU
		{1C9B66E7-396B-449A-B02A-8A9D0EEB082E}.Debug|Any CPU.Build.0 = Debug|Any CPU
		{1C9B66E7-396B-449A-B02A-8A9D0EEB082E}.Release|Any CPU.ActiveCfg = Release|Any CPU
		{1C9B66E7-396B-449A-B02A-8A9D0EEB082E}.Release|Any CPU.Build.0 = Release|Any CPU
		{08527ACB-4CE1-4F93-9BDF-93A1BBA17B74}.Debug|Any CPU.ActiveCfg = Debug|Any CPU
		{08527ACB-4CE1-4F93-9BDF-93A1BBA17B74}.Debug|Any CPU.Build.0 = Debug|Any CPU
		{08527ACB-4CE1-4F93-9BDF-93A1BBA17B74}.Release|Any CPU.ActiveCfg = Release|Any CPU
		{08527ACB-4CE1-4F93-9BDF-93A1BBA17B74}.Release|Any CPU.Build.0 = Release|Any CPU
		{5709AED4-8251-4E82-8B59-CB5BC92A2168}.Debug|Any CPU.ActiveCfg = Debug|Any CPU
		{5709AED4-8251-4E82-8B59-CB5BC92A2168}.Debug|Any CPU.Build.0 = Debug|Any CPU
		{5709AED4-8251-4E82-8B59-CB5BC92A2168}.Release|Any CPU.ActiveCfg = Release|Any CPU
		{5709AED4-8251-4E82-8B59-CB5BC92A2168}.Release|Any CPU.Build.0 = Release|Any CPU
		{D1E720A2-3CE0-4A63-8EC8-AD388171EDC4}.Debug|Any CPU.ActiveCfg = Debug|Any CPU
		{D1E720A2-3CE0-4A63-8EC8-AD388171EDC4}.Debug|Any CPU.Build.0 = Debug|Any CPU
		{D1E720A2-3CE0-4A63-8EC8-AD388171EDC4}.Release|Any CPU.ActiveCfg = Release|Any CPU
		{D1E720A2-3CE0-4A63-8EC8-AD388171EDC4}.Release|Any CPU.Build.0 = Release|Any CPU
	EndGlobalSection
	GlobalSection(SolutionProperties) = preSolution
		HideSolutionNode = FALSE
	EndGlobalSection
	GlobalSection(ExtensibilityGlobals) = postSolution
		SolutionGuid = {02B69CC6-8CF7-40FA-AA47-FF1C448F8FDF}
	EndGlobalSection
EndGlobal
